
Microsoft Visual Studio Solution File, Format Version 12.00
# Visual Studio Version 17
VisualStudioVersion = 17.14.36221.1 d17.14
MinimumVisualStudioVersion = 10.0.40219.1
Project("{FAE04EC0-301F-11D3-BF4B-00C04F79EFBC}") = "FawryECommerceSystem", "FawryECommerceSystem.csproj", "{9C6ECB75-7110-4C6F-81CA-1B2CD90B3732}"
EndProject
Global
	GlobalSection(SolutionConfigurationPlatforms) = preSolution
		Debug|Any CPU = Debug|Any CPU
		Release|Any CPU = Release|Any CPU
	EndGlobalSection
	GlobalSection(ProjectConfigurationPlatforms) = postSolution
		{9C6ECB75-7110-4C6F-81CA-1B2CD90B3732}.Debug|Any CPU.ActiveCfg = Debug|Any CPU
		{9C6ECB75-7110-4C6F-81CA-1B2CD90B3732}.Debug|Any CPU.Build.0 = Debug|Any CPU
		{9C6ECB75-7110-4C6F-81CA-1B2CD90B3732}.Release|Any CPU.ActiveCfg = Release|Any CPU
		{9C6ECB75-7110-4C6F-81CA-1B2CD90B3732}.Release|Any CPU.Build.0 = Release|Any CPU
	EndGlobalSection
	GlobalSection(SolutionProperties) = preSolution
		HideSolutionNode = FALSE
	EndGlobalSection
	GlobalSection(ExtensibilityGlobals) = postSolution
		SolutionGuid = {AD7A4CF3-44B6-4254-ABCF-C84258206756}
	EndGlobalSection
EndGlobal
